{
  "name": "cancel-task",
  "version": "1.0.0",
  "lockfileVersion": 3,
  "requires": true,
  "packages": {
    "": {
      "name": "cancel-task",
      "version": "1.0.0",
      "dependencies": {
        "@knocklabs/mgmt": "latest",
        "@knocklabs/node": "latest"
      }
    },
    "node_modules/@knocklabs/mgmt": {
      "version": "0.25.0",
      "resolved": "https://registry.npmjs.org/@knocklabs/mgmt/-/mgmt-0.25.0.tgz",
      "integrity": "sha512-ipK8SKUsihlB3HsVoR80jiKzKdnw0rEW2PE/GmyOT+NjfNqk9jJND+VqNsxTHYpaAYIBq1MmUCEAfVyhjWBTNw==",
      "license": "Apache-2.0"
    },
    "node_modules/@knocklabs/node": {
      "version": "1.32.0",
      "resolved": "https://registry.npmjs.org/@knocklabs/node/-/node-1.32.0.tgz",
      "integrity": "sha512-wPRLdsIS79gifgZQRH8l/47gGK12UKqY9zoG4LguvaD50dhVEEkcHz2DB2KMS7KJplxvpT8/qtBviJub8MJISw==",
      "license": "Apache-2.0",
      "dependencies": {
        "jose": "^6.0.11"
      }
    },
    "node_modules/jose": {
      "version": "6.2.3",
      "resolved": "https://registry.npmjs.org/jose/-/jose-6.2.3.tgz",
      "integrity": "sha512-YYVDInQKFJfR/xa3ojUTl8c2KoTwiL1R5Wg9YCydwH0x0B9grbzlg5HC7mMjCtUJjbQ/YnGEZIhI5tCgfTb4Hw==",
      "license": "MIT",
      "funding": {
        "url": "https://github.com/sponsors/panva"
      }
    }
  }
}
